
Microsoft Visual Studio Solution File, Format Version 12.00
# Visual Studio Version 17
VisualStudioVersion = 17.13.35931.197
MinimumVisualStudioVersion = 10.0.40219.1
Project("{FAE04EC0-301F-11D3-BF4B-00C04F79EFBC}") = "NOSDotNetTrainingBatch1", "NOSDotNetTrainingBatch1\NOSDotNetTrainingBatch1.csproj", "{986CCC3E-FC03-4F6E-BA81-18A4C60C30F8}"
EndProject
Project("{FAE04EC0-301F-11D3-BF4B-00C04F79EFBC}") = "NOSADO.NET", "NOSADO.NET\NOSADO.NET.csproj", "{8A7BBBA4-0248-41A6-8AF0-4B3C6E7C4D9F}"
EndProject
Project("{FAE04EC0-301F-11D3-BF4B-00C04F79EFBC}") = "NOSDoTNetWinFormApp", "NOSDoTNetWinFormApp\NOSDoTNetWinFormApp.csproj", "{9CE30A0A-EDC5-4530-B4D1-24BE3E240FFD}"
EndProject
Project("{FAE04EC0-301F-11D3-BF4B-00C04F79EFBC}") = "NOSDotNetTrainingBatch1.ConsoleApp", "NOSDotNetTrainingBatch1.ConsoleApp\NOSDotNetTrainingBatch1.ConsoleApp.csproj", "{6A4802E3-67BD-4825-8BC2-654257AE903A}"
EndProject
Project("{FAE04EC0-301F-11D3-BF4B-00C04F79EFBC}") = "SQL_Services_Shared", "SQL_Services_Library\SQL_Services_Shared.csproj", "{D9B51A91-A0C1-42CA-9AEA-EC3F00F53252}"
EndProject
Project("{FAE04EC0-301F-11D3-BF4B-00C04F79EFBC}") = "NOS_DotNet_Batch1_", "NOS_DotNet_Batch1_\NOS_DotNet_Batch1_.csproj", "{843F07C6-4583-424D-89F5-082595FF2164}"
EndProject
Project("{FAE04EC0-301F-11D3-BF4B-00C04F79EFBC}") = "EF-Core-Scaffold", "EF-Core-Scaffold\EF-Core-Scaffold.csproj", "{D64A1240-2C31-4B95-9B41-B6C3C951C9D7}"
EndProject
Project("{FAE04EC0-301F-11D3-BF4B-00C04F79EFBC}") = "API-Start", "API-Start\API-Start.csproj", "{0C23FC74-1EDE-4124-BCFC-2E39231AFCAD}"
EndProject
Project("{2150E333-8FDC-42A3-9474-1A3956D46DE8}") = "NOS_DreamDictionary_Assignment", "NOS_DreamDictionary_Assignment", "{02EA681E-C7D8-13C7-8484-4AC65E1B71E8}"
EndProject
Project("{FAE04EC0-301F-11D3-BF4B-00C04F79EFBC}") = "DreamDictionary.Database", "DreamDictionary.Database\DreamDictionary.Database.csproj", "{AF35E1DF-4C89-4096-9ABD-9D55FD61ACF3}"
EndProject
Project("{FAE04EC0-301F-11D3-BF4B-00C04F79EFBC}") = "DreamDictionary.Domain", "DreamDictionary.Domain\DreamDictionary.Domain.csproj", "{9655A79A-177B-4133-B9D3-801768CA8E29}"
EndProject
Project("{FAE04EC0-301F-11D3-BF4B-00C04F79EFBC}") = "DreamDictionary.WebApi", "DreamDictionary.WebApi\DreamDictionary.WebApi.csproj", "{1AD6DEA0-7B10-4017-9E42-AF3457ACDA8B}"
EndProject
Global
	GlobalSection(SolutionConfigurationPlatforms) = preSolution
		Debug|Any CPU = Debug|Any CPU
		Release|Any CPU = Release|Any CPU
	EndGlobalSection
	GlobalSection(ProjectConfigurationPlatforms) = postSolution
		{986CCC3E-FC03-4F6E-BA81-18A4C60C30F8}.Debug|Any CPU.ActiveCfg = Debug|Any CPU
		{986CCC3E-FC03-4F6E-BA81-18A4C60C30F8}.Debug|Any CPU.Build.0 = Debug|Any CPU
		{986CCC3E-FC03-4F6E-BA81-18A4C60C30F8}.Release|Any CPU.ActiveCfg = Release|Any CPU
		{986CCC3E-FC03-4F6E-BA81-18A4C60C30F8}.Release|Any CPU.Build.0 = Release|Any CPU
		{8A7BBBA4-0248-41A6-8AF0-4B3C6E7C4D9F}.Debug|Any CPU.ActiveCfg = Debug|Any CPU
		{8A7BBBA4-0248-41A6-8AF0-4B3C6E7C4D9F}.Debug|Any CPU.Build.0 = Debug|Any CPU
		{8A7BBBA4-0248-41A6-8AF0-4B3C6E7C4D9F}.Release|Any CPU.ActiveCfg = Release|Any CPU
		{8A7BBBA4-0248-41A6-8AF0-4B3C6E7C4D9F}.Release|Any CPU.Build.0 = Release|Any CPU
		{9CE30A0A-EDC5-4530-B4D1-24BE3E240FFD}.Debug|Any CPU.ActiveCfg = Debug|Any CPU
		{9CE30A0A-EDC5-4530-B4D1-24BE3E240FFD}.Debug|Any CPU.Build.0 = Debug|Any CPU
		{9CE30A0A-EDC5-4530-B4D1-24BE3E240FFD}.Release|Any CPU.ActiveCfg = Release|Any CPU
		{9CE30A0A-EDC5-4530-B4D1-24BE3E240FFD}.Release|Any CPU.Build.0 = Release|Any CPU
		{6A4802E3-67BD-4825-8BC2-654257AE903A}.Debug|Any CPU.ActiveCfg = Debug|Any CPU
		{6A4802E3-67BD-4825-8BC2-654257AE903A}.Debug|Any CPU.Build.0 = Debug|Any CPU
		{6A4802E3-67BD-4825-8BC2-654257AE903A}.Release|Any CPU.ActiveCfg = Release|Any CPU
		{6A4802E3-67BD-4825-8BC2-654257AE903A}.Release|Any CPU.Build.0 = Release|Any CPU
		{D9B51A91-A0C1-42CA-9AEA-EC3F00F53252}.Debug|Any CPU.ActiveCfg = Debug|Any CPU
		{D9B51A91-A0C1-42CA-9AEA-EC3F00F53252}.Debug|Any CPU.Build.0 = Debug|Any CPU
		{D9B51A91-A0C1-42CA-9AEA-EC3F00F53252}.Release|Any CPU.ActiveCfg = Release|Any CPU
		{D9B51A91-A0C1-42CA-9AEA-EC3F00F53252}.Release|Any CPU.Build.0 = Release|Any CPU
		{843F07C6-4583-424D-89F5-082595FF2164}.Debug|Any CPU.ActiveCfg = Debug|Any CPU
		{843F07C6-4583-424D-89F5-082595FF2164}.Debug|Any CPU.Build.0 = Debug|Any CPU
		{843F07C6-4583-424D-89F5-082595FF2164}.Release|Any CPU.ActiveCfg = Release|Any CPU
		{843F07C6-4583-424D-89F5-082595FF2164}.Release|Any CPU.Build.0 = Release|Any CPU
		{D64A1240-2C31-4B95-9B41-B6C3C951C9D7}.Debug|Any CPU.ActiveCfg = Debug|Any CPU
		{D64A1240-2C31-4B95-9B41-B6C3C951C9D7}.Debug|Any CPU.Build.0 = Debug|Any CPU
		{D64A1240-2C31-4B95-9B41-B6C3C951C9D7}.Release|Any CPU.ActiveCfg = Release|Any CPU
		{D64A1240-2C31-4B95-9B41-B6C3C951C9D7}.Release|Any CPU.Build.0 = Release|Any CPU
		{0C23FC74-1EDE-4124-BCFC-2E39231AFCAD}.Debug|Any CPU.ActiveCfg = Debug|Any CPU
		{0C23FC74-1EDE-4124-BCFC-2E39231AFCAD}.Debug|Any CPU.Build.0 = Debug|Any CPU
		{0C23FC74-1EDE-4124-BCFC-2E39231AFCAD}.Release|Any CPU.ActiveCfg = Release|Any CPU
		{0C23FC74-1EDE-4124-BCFC-2E39231AFCAD}.Release|Any CPU.Build.0 = Release|Any CPU
		{AF35E1DF-4C89-4096-9ABD-9D55FD61ACF3}.Debug|Any CPU.ActiveCfg = Debug|Any CPU
		{AF35E1DF-4C89-4096-9ABD-9D55FD61ACF3}.Debug|Any CPU.Build.0 = Debug|Any CPU
		{AF35E1DF-4C89-4096-9ABD-9D55FD61ACF3}.Release|Any CPU.ActiveCfg = Release|Any CPU
		{AF35E1DF-4C89-4096-9ABD-9D55FD61ACF3}.Release|Any CPU.Build.0 = Release|Any CPU
		{9655A79A-177B-4133-B9D3-801768CA8E29}.Debug|Any CPU.ActiveCfg = Debug|Any CPU
		{9655A79A-177B-4133-B9D3-801768CA8E29}.Debug|Any CPU.Build.0 = Debug|Any CPU
		{9655A79A-177B-4133-B9D3-801768CA8E29}.Release|Any CPU.ActiveCfg = Release|Any CPU
		{9655A79A-177B-4133-B9D3-801768CA8E29}.Release|Any CPU.Build.0 = Release|Any CPU
		{1AD6DEA0-7B10-4017-9E42-AF3457ACDA8B}.Debug|Any CPU.ActiveCfg = Debug|Any CPU
		{1AD6DEA0-7B10-4017-9E42-AF3457ACDA8B}.Debug|Any CPU.Build.0 = Debug|Any CPU
		{1AD6DEA0-7B10-4017-9E42-AF3457ACDA8B}.Release|Any CPU.ActiveCfg = Release|Any CPU
		{1AD6DEA0-7B10-4017-9E42-AF3457ACDA8B}.Release|Any CPU.Build.0 = Release|Any CPU
	EndGlobalSection
	GlobalSection(SolutionProperties) = preSolution
		HideSolutionNode = FALSE
	EndGlobalSection
	GlobalSection(NestedProjects) = preSolution
		{AF35E1DF-4C89-4096-9ABD-9D55FD61ACF3} = {02EA681E-C7D8-13C7-8484-4AC65E1B71E8}
		{9655A79A-177B-4133-B9D3-801768CA8E29} = {02EA681E-C7D8-13C7-8484-4AC65E1B71E8}
		{1AD6DEA0-7B10-4017-9E42-AF3457ACDA8B} = {02EA681E-C7D8-13C7-8484-4AC65E1B71E8}
	EndGlobalSection
	GlobalSection(ExtensibilityGlobals) = postSolution
		SolutionGuid = {74AE949F-CFCD-4B1F-A903-661793202B50}
	EndGlobalSection
EndGlobal
